
Microsoft Visual Studio Solution File, Format Version 12.00
# Visual Studio Version 16
VisualStudioVersion = 16.0.31112.23
MinimumVisualStudioVersion = 10.0.40219.1
Project("{FAE04EC0-301F-11D3-BF4B-00C04F79EFBC}") = "Progra Agenda Virtual", "Progra Agenda Virtual.csproj", "{9A9CEC4B-7C90-4978-AA94-A3BE50EF1542}"
EndProject
Global
	GlobalSection(SolutionConfigurationPlatforms) = preSolution
		Debug|Any CPU = Debug|Any CPU
		Release|Any CPU = Release|Any CPU
	EndGlobalSection
	GlobalSection(ProjectConfigurationPlatforms) = postSolution
		{9A9CEC4B-7C90-4978-AA94-A3BE50EF1542}.Debug|Any CPU.ActiveCfg = Debug|Any CPU
		{9A9CEC4B-7C90-4978-AA94-A3BE50EF1542}.Debug|Any CPU.Build.0 = Debug|Any CPU
		{9A9CEC4B-7C90-4978-AA94-A3BE50EF1542}.Release|Any CPU.ActiveCfg = Release|Any CPU
		{9A9CEC4B-7C90-4978-AA94-A3BE50EF1542}.Release|Any CPU.Build.0 = Release|Any CPU
	EndGlobalSection
	GlobalSection(SolutionProperties) = preSolution
		HideSolutionNode = FALSE
	EndGlobalSection
	GlobalSection(ExtensibilityGlobals) = postSolution
		SolutionGuid = {5CD8C32E-B6D3-4978-BD0F-07EC001F1D51}
	EndGlobalSection
EndGlobal
